<?xml version="1.0" encoding="utf-8"?>
<Project ToolsVersion="4.0" xmlns="http://schemas.microsoft.com/developer/msbuild/2003">
  <ItemGroup>
    <Filter Include="Source Files">
      <UniqueIdentifier>{4FC737F1-C7A5-4376-A066-2A32D752A2FF}</UniqueIdentifier>
      <Extensions>cpp;c;cc;cxx;def;odl;idl;hpj;bat;asm;asmx</Extensions>
    </Filter>
    <Filter Include="Header Files">
      <UniqueIdentifier>{93995380-89BD-4b04-88EB-625FBE52EBFB}</UniqueIdentifier>
      <Extensions>h;hh;hpp;hxx;hm;inl;inc;xsd</Extensions>
    </Filter>
    <Filter Include="Resource Files">
      <UniqueIdentifier>{67DA6AB6-F800-4c08-8B7A-83BB121AAD01}</UniqueIdentifier>
      <Extensions>rc;ico;cur;bmp;dlg;rc2;rct;bin;rgs;gif;jpg;jpeg;jpe;resx;tiff;tif;png;wav;mfcribbon-ms</Extensions>
    </Filter>
  </ItemGroup>
  <ItemGroup>
    <ClCompile Include="MyForm.cpp">
      <Filter>Source Files</Filter>
    </ClCompile>
    <ClCompile Include="src\activation_layer.cpp">
      <Filter>Source Files</Filter>
    </ClCompile>
    <ClCompile Include="src\activations.cpp">
      <Filter>Source Files</Filter>
    </ClCompile>
    <ClCompile Include="src\avgpool_layer.cpp">
      <Filter>Source Files</Filter>
    </ClCompile>
    <ClCompile Include="src\batchnorm_layer.cpp">
      <Filter>Source Files</Filter>
    </ClCompile>
    <ClCompile Include="src\blas.cpp">
      <Filter>Source Files</Filter>
    </ClCompile>
    <ClCompile Include="src\box.cpp">
      <Filter>Source Files</Filter>
    </ClCompile>
    <ClCompile Include="src\col2im.cpp">
      <Filter>Source Files</Filter>
    </ClCompile>
    <ClCompile Include="src\connected_layer.cpp">
      <Filter>Source Files</Filter>
    </ClCompile>
    <ClCompile Include="src\convolutional_layer.cpp">
      <Filter>Source Files</Filter>
    </ClCompile>
    <ClCompile Include="src\cost_layer.cpp">
      <Filter>Source Files</Filter>
    </ClCompile>
    <ClCompile Include="src\crnn_layer.cpp">
      <Filter>Source Files</Filter>
    </ClCompile>
    <ClCompile Include="src\crop_layer.cpp">
      <Filter>Source Files</Filter>
    </ClCompile>
    <ClCompile Include="src\cuda.cpp">
      <Filter>Source Files</Filter>
    </ClCompile>
    <ClCompile Include="src\data.cpp">
      <Filter>Source Files</Filter>
    </ClCompile>
    <ClCompile Include="src\deconvolutional_layer.cpp">
      <Filter>Source Files</Filter>
    </ClCompile>
    <ClCompile Include="src\detection_layer.cpp">
      <Filter>Source Files</Filter>
    </ClCompile>
    <ClCompile Include="src\dropout_layer.cpp">
      <Filter>Source Files</Filter>
    </ClCompile>
    <ClCompile Include="src\gemm.cpp">
      <Filter>Source Files</Filter>
    </ClCompile>
    <ClCompile Include="src\getopt.cpp">
      <Filter>Source Files</Filter>
    </ClCompile>
    <ClCompile Include="src\gettimeofday.cpp">
      <Filter>Source Files</Filter>
    </ClCompile>
    <ClCompile Include="src\gru_layer.cpp">
      <Filter>Source Files</Filter>
    </ClCompile>
    <ClCompile Include="src\im2col.cpp">
      <Filter>Source Files</Filter>
    </ClCompile>
    <ClCompile Include="src\image.cpp">
      <Filter>Source Files</Filter>
    </ClCompile>
    <ClCompile Include="src\iseg_layer.cpp">
      <Filter>Source Files</Filter>
    </ClCompile>
    <ClCompile Include="src\l2norm_layer.cpp">
      <Filter>Source Files</Filter>
    </ClCompile>
    <ClCompile Include="src\layer.cpp">
      <Filter>Source Files</Filter>
    </ClCompile>
    <ClCompile Include="src\list.cpp">
      <Filter>Source Files</Filter>
    </ClCompile>
    <ClCompile Include="src\local_layer.cpp">
      <Filter>Source Files</Filter>
    </ClCompile>
    <ClCompile Include="src\logistic_layer.cpp">
      <Filter>Source Files</Filter>
    </ClCompile>
    <ClCompile Include="src\lstm_layer.cpp">
      <Filter>Source Files</Filter>
    </ClCompile>
    <ClCompile Include="src\maxpool_layer.cpp">
      <Filter>Source Files</Filter>
    </ClCompile>
    <ClCompile Include="src\network.cpp">
      <Filter>Source Files</Filter>
    </ClCompile>
    <ClCompile Include="src\normalization_layer.cpp">
      <Filter>Source Files</Filter>
    </ClCompile>
    <ClCompile Include="src\option_list.cpp">
      <Filter>Source Files</Filter>
    </ClCompile>
    <ClCompile Include="src\parser.cpp">
      <Filter>Source Files</Filter>
    </ClCompile>
    <ClCompile Include="src\region_layer.cpp">
      <Filter>Source Files</Filter>
    </ClCompile>
    <ClCompile Include="src\reorg_layer.cpp">
      <Filter>Source Files</Filter>
    </ClCompile>
    <ClCompile Include="src\rnn_layer.cpp">
      <Filter>Source Files</Filter>
    </ClCompile>
    <ClCompile Include="src\route_layer.cpp">
      <Filter>Source Files</Filter>
    </ClCompile>
    <ClCompile Include="src\shortcut_layer.cpp">
      <Filter>Source Files</Filter>
    </ClCompile>
    <ClCompile Include="src\softmax_layer.cpp">
      <Filter>Source Files</Filter>
    </ClCompile>
    <ClCompile Include="src\tree.cpp">
      <Filter>Source Files</Filter>
    </ClCompile>
    <ClCompile Include="src\upsample_layer.cpp">
      <Filter>Source Files</Filter>
    </ClCompile>
    <ClCompile Include="src\utils.cpp">
      <Filter>Source Files</Filter>
    </ClCompile>
    <ClCompile Include="src\yolo_layer.cpp">
      <Filter>Source Files</Filter>
    </ClCompile>
  </ItemGroup>
  <ItemGroup>
    <ClInclude Include="MyForm.h">
      <Filter>Header Files</Filter>
    </ClInclude>
    <ClInclude Include="src\activation_layer.h">
      <Filter>Header Files</Filter>
    </ClInclude>
    <ClInclude Include="src\activations.h">
      <Filter>Header Files</Filter>
    </ClInclude>
    <ClInclude Include="src\avgpool_layer.h">
      <Filter>Header Files</Filter>
    </ClInclude>
    <ClInclude Include="src\batchnorm_layer.h">
      <Filter>Header Files</Filter>
    </ClInclude>
    <ClInclude Include="src\blas.h">
      <Filter>Header Files</Filter>
    </ClInclude>
    <ClInclude Include="src\box.h">
      <Filter>Header Files</Filter>
    </ClInclude>
    <ClInclude Include="src\col2im.h">
      <Filter>Header Files</Filter>
    </ClInclude>
    <ClInclude Include="src\connected_layer.h">
      <Filter>Header Files</Filter>
    </ClInclude>
    <ClInclude Include="src\convolutional_layer.h">
      <Filter>Header Files</Filter>
    </ClInclude>
    <ClInclude Include="src\cost_layer.h">
      <Filter>Header Files</Filter>
    </ClInclude>
    <ClInclude Include="src\crnn_layer.h">
      <Filter>Header Files</Filter>
    </ClInclude>
    <ClInclude Include="src\crop_layer.h">
      <Filter>Header Files</Filter>
    </ClInclude>
    <ClInclude Include="src\cuda.h">
      <Filter>Header Files</Filter>
    </ClInclude>
    <ClInclude Include="src\darknet.h">
      <Filter>Header Files</Filter>
    </ClInclude>
    <ClInclude Include="src\data.h">
      <Filter>Header Files</Filter>
    </ClInclude>
    <ClInclude Include="src\deconvolutional_layer.h">
      <Filter>Header Files</Filter>
    </ClInclude>
    <ClInclude Include="src\detection_layer.h">
      <Filter>Header Files</Filter>
    </ClInclude>
    <ClInclude Include="src\dropout_layer.h">
      <Filter>Header Files</Filter>
    </ClInclude>
    <ClInclude Include="src\gemm.h">
      <Filter>Header Files</Filter>
    </ClInclude>
    <ClInclude Include="src\getopt.h">
      <Filter>Header Files</Filter>
    </ClInclude>
    <ClInclude Include="src\gettimeofday.h">
      <Filter>Header Files</Filter>
    </ClInclude>
    <ClInclude Include="src\gru_layer.h">
      <Filter>Header Files</Filter>
    </ClInclude>
    <ClInclude Include="src\im2col.h">
      <Filter>Header Files</Filter>
    </ClInclude>
    <ClInclude Include="src\image.h">
      <Filter>Header Files</Filter>
    </ClInclude>
    <ClInclude Include="src\iseg_layer.h">
      <Filter>Header Files</Filter>
    </ClInclude>
    <ClInclude Include="src\l2norm_layer.h">
      <Filter>Header Files</Filter>
    </ClInclude>
    <ClInclude Include="src\layer.h">
      <Filter>Header Files</Filter>
    </ClInclude>
    <ClInclude Include="src\list.h">
      <Filter>Header Files</Filter>
    </ClInclude>
    <ClInclude Include="src\local_layer.h">
      <Filter>Header Files</Filter>
    </ClInclude>
    <ClInclude Include="src\logistic_layer.h">
      <Filter>Header Files</Filter>
    </ClInclude>
    <ClInclude Include="src\lstm_layer.h">
      <Filter>Header Files</Filter>
    </ClInclude>
    <ClInclude Include="src\maxpool_layer.h">
      <Filter>Header Files</Filter>
    </ClInclude>
    <ClInclude Include="src\network.h">
      <Filter>Header Files</Filter>
    </ClInclude>
    <ClInclude Include="src\normalization_layer.h">
      <Filter>Header Files</Filter>
    </ClInclude>
    <ClInclude Include="src\option_list.h">
      <Filter>Header Files</Filter>
    </ClInclude>
    <ClInclude Include="src\parser.h">
      <Filter>Header Files</Filter>
    </ClInclude>
    <ClInclude Include="src\region_layer.h">
      <Filter>Header Files</Filter>
    </ClInclude>
    <ClInclude Include="src\reorg_layer.h">
      <Filter>Header Files</Filter>
    </ClInclude>
    <ClInclude Include="src\rnn_layer.h">
      <Filter>Header Files</Filter>
    </ClInclude>
    <ClInclude Include="src\route_layer.h">
      <Filter>Header Files</Filter>
    </ClInclude>
    <ClInclude Include="src\shortcut_layer.h">
      <Filter>Header Files</Filter>
    </ClInclude>
    <ClInclude Include="src\softmax_layer.h">
      <Filter>Header Files</Filter>
    </ClInclude>
    <ClInclude Include="src\stb_image.h">
      <Filter>Header Files</Filter>
    </ClInclude>
    <ClInclude Include="src\stb_image_write.h">
      <Filter>Header Files</Filter>
    </ClInclude>
    <ClInclude Include="src\tree.h">
      <Filter>Header Files</Filter>
    </ClInclude>
    <ClInclude Include="src\unistd.h">
      <Filter>Header Files</Filter>
    </ClInclude>
    <ClInclude Include="src\upsample_layer.h">
      <Filter>Header Files</Filter>
    </ClInclude>
    <ClInclude Include="src\utils.h">
      <Filter>Header Files</Filter>
    </ClInclude>
    <ClInclude Include="src\yolo_layer.h">
      <Filter>Header Files</Filter>
    </ClInclude>
  </ItemGroup>
  <ItemGroup>
    <EmbeddedResource Include="MyForm.resx">
      <Filter>Resource Files</Filter>
    </EmbeddedResource>
  </ItemGroup>
  <ItemGroup>
    <CudaCompile Include="src\activation_kernels.cu" />
    <CudaCompile Include="src\avgpool_layer_kernels.cu" />
    <CudaCompile Include="src\blas_kernels.cu" />
    <CudaCompile Include="src\col2im_kernels.cu" />
    <CudaCompile Include="src\convolutional_kernels.cu" />
    <CudaCompile Include="src\crop_layer_kernels.cu" />
    <CudaCompile Include="src\deconvolutional_kernels.cu" />
    <CudaCompile Include="src\dropout_layer_kernels.cu" />
    <CudaCompile Include="src\im2col_kernels.cu" />
    <CudaCompile Include="src\maxpool_layer_kernels.cu" />
  </ItemGroup>
</Project>